
Microsoft Visual Studio Solution File, Format Version 12.00
# Visual Studio Version 16
VisualStudioVersion = 16.0.29728.190
MinimumVisualStudioVersion = 10.0.40219.1
Project("{9A19103F-16F7-4668-BE54-9A1E7A4F7556}") = "Currency", "Currency\Currency.csproj", "{FDDA82CE-52D2-4E15-A75A-F1F23ED90DFD}"
EndProject
Project("{FAE04EC0-301F-11D3-BF4B-00C04F79EFBC}") = "CurrencyTest", "CurrencyTest\CurrencyTest.csproj", "{BDB35901-084B-4C96-8FBA-3FB8FD3871C3}"
EndProject
Global
	GlobalSection(SolutionConfigurationPlatforms) = preSolution
		Debug|Any CPU = Debug|Any CPU
		Release|Any CPU = Release|Any CPU
	EndGlobalSection
	GlobalSection(ProjectConfigurationPlatforms) = postSolution
		{FDDA82CE-52D2-4E15-A75A-F1F23ED90DFD}.Debug|Any CPU.ActiveCfg = Debug|Any CPU
		{FDDA82CE-52D2-4E15-A75A-F1F23ED90DFD}.Debug|Any CPU.Build.0 = Debug|Any CPU
		{FDDA82CE-52D2-4E15-A75A-F1F23ED90DFD}.Release|Any CPU.ActiveCfg = Release|Any CPU
		{FDDA82CE-52D2-4E15-A75A-F1F23ED90DFD}.Release|Any CPU.Build.0 = Release|Any CPU
		{BDB35901-084B-4C96-8FBA-3FB8FD3871C3}.Debug|Any CPU.ActiveCfg = Debug|Any CPU
		{BDB35901-084B-4C96-8FBA-3FB8FD3871C3}.Debug|Any CPU.Build.0 = Debug|Any CPU
		{BDB35901-084B-4C96-8FBA-3FB8FD3871C3}.Release|Any CPU.ActiveCfg = Release|Any CPU
		{BDB35901-084B-4C96-8FBA-3FB8FD3871C3}.Release|Any CPU.Build.0 = Release|Any CPU
	EndGlobalSection
	GlobalSection(SolutionProperties) = preSolution
		HideSolutionNode = FALSE
	EndGlobalSection
	GlobalSection(ExtensibilityGlobals) = postSolution
		SolutionGuid = {D5A3EC76-405C-49EC-91F0-6AAE63DD7CBC}
	EndGlobalSection
EndGlobal
